
Microsoft Visual Studio Solution File, Format Version 12.00
# Visual Studio Version 16
VisualStudioVersion = 16.0.31702.278
MinimumVisualStudioVersion = 10.0.40219.1
Project("{FAE04EC0-301F-11D3-BF4B-00C04F79EFBC}") = "Lojinha do Zé", "Lojinha do Zé.csproj", "{409B97A3-6302-4424-8D77-9C0D6097E217}"
EndProject
Global
	GlobalSection(SolutionConfigurationPlatforms) = preSolution
		Debug|Any CPU = Debug|Any CPU
		Release|Any CPU = Release|Any CPU
	EndGlobalSection
	GlobalSection(ProjectConfigurationPlatforms) = postSolution
		{409B97A3-6302-4424-8D77-9C0D6097E217}.Debug|Any CPU.ActiveCfg = Debug|Any CPU
		{409B97A3-6302-4424-8D77-9C0D6097E217}.Debug|Any CPU.Build.0 = Debug|Any CPU
		{409B97A3-6302-4424-8D77-9C0D6097E217}.Release|Any CPU.ActiveCfg = Release|Any CPU
		{409B97A3-6302-4424-8D77-9C0D6097E217}.Release|Any CPU.Build.0 = Release|Any CPU
	EndGlobalSection
	GlobalSection(SolutionProperties) = preSolution
		HideSolutionNode = FALSE
	EndGlobalSection
	GlobalSection(ExtensibilityGlobals) = postSolution
		SolutionGuid = {C1C76ECA-59C6-4443-9505-0D751530C9A2}
	EndGlobalSection
EndGlobal
